
Microsoft Visual Studio Solution File, Format Version 12.00
# Visual Studio Version 17
VisualStudioVersion = 17.10.34916.146
MinimumVisualStudioVersion = 10.0.40219.1
Project("{FAE04EC0-301F-11D3-BF4B-00C04F79EFBC}") = "EX17_Csharp", "EX17_Csharp\EX17_Csharp.csproj", "{A682E50A-7EDE-4EDC-A23E-9AFFEE861223}"
EndProject
Global
	GlobalSection(SolutionConfigurationPlatforms) = preSolution
		Debug|Any CPU = Debug|Any CPU
		Release|Any CPU = Release|Any CPU
	EndGlobalSection
	GlobalSection(ProjectConfigurationPlatforms) = postSolution
		{A682E50A-7EDE-4EDC-A23E-9AFFEE861223}.Debug|Any CPU.ActiveCfg = Debug|Any CPU
		{A682E50A-7EDE-4EDC-A23E-9AFFEE861223}.Debug|Any CPU.Build.0 = Debug|Any CPU
		{A682E50A-7EDE-4EDC-A23E-9AFFEE861223}.Release|Any CPU.ActiveCfg = Release|Any CPU
		{A682E50A-7EDE-4EDC-A23E-9AFFEE861223}.Release|Any CPU.Build.0 = Release|Any CPU
	EndGlobalSection
	GlobalSection(SolutionProperties) = preSolution
		HideSolutionNode = FALSE
	EndGlobalSection
	GlobalSection(ExtensibilityGlobals) = postSolution
		SolutionGuid = {354F55AA-E5AB-446A-BFC6-1B7EC4A8D277}
	EndGlobalSection
EndGlobal
