
Microsoft Visual Studio Solution File, Format Version 12.00
# Visual Studio Version 17
VisualStudioVersion = 17.10.34916.146
MinimumVisualStudioVersion = 10.0.40219.1
Project("{FAE04EC0-301F-11D3-BF4B-00C04F79EFBC}") = "EX15_Csharp", "EX15_Csharp\EX15_Csharp.csproj", "{2FB6A97B-16DE-44B6-836D-06E414EF6677}"
EndProject
Global
	GlobalSection(SolutionConfigurationPlatforms) = preSolution
		Debug|Any CPU = Debug|Any CPU
		Release|Any CPU = Release|Any CPU
	EndGlobalSection
	GlobalSection(ProjectConfigurationPlatforms) = postSolution
		{2FB6A97B-16DE-44B6-836D-06E414EF6677}.Debug|Any CPU.ActiveCfg = Debug|Any CPU
		{2FB6A97B-16DE-44B6-836D-06E414EF6677}.Debug|Any CPU.Build.0 = Debug|Any CPU
		{2FB6A97B-16DE-44B6-836D-06E414EF6677}.Release|Any CPU.ActiveCfg = Release|Any CPU
		{2FB6A97B-16DE-44B6-836D-06E414EF6677}.Release|Any CPU.Build.0 = Release|Any CPU
	EndGlobalSection
	GlobalSection(SolutionProperties) = preSolution
		HideSolutionNode = FALSE
	EndGlobalSection
	GlobalSection(ExtensibilityGlobals) = postSolution
		SolutionGuid = {2CC3DAF4-7EDC-4A96-BB4F-3AC591B62301}
	EndGlobalSection
EndGlobal
